
Microsoft Visual Studio Solution File, Format Version 11.00
# Visual Studio 2010
Project("{FAE04EC0-301F-11D3-BF4B-00C04F79EFBC}") = "Tangent", "Tangent\Tangent.csproj", "{8AD33896-A38F-44F3-8F37-5BBA2FEECF2C}"
EndProject
Project("{FAE04EC0-301F-11D3-BF4B-00C04F79EFBC}") = "TheFactorM.Federation.iOS", "Federation\TheFactorM.Federation.iOS.csproj", "{BB8A9518-0F8F-4FB1-90E6-9655AFB67C00}"
EndProject
Global
	GlobalSection(SolutionConfigurationPlatforms) = preSolution
		Debug|iPhoneSimulator = Debug|iPhoneSimulator
		Release|iPhoneSimulator = Release|iPhoneSimulator
		Debug|iPhone = Debug|iPhone
		Release|iPhone = Release|iPhone
		Ad-Hoc|iPhone = Ad-Hoc|iPhone
		AppStore|iPhone = AppStore|iPhone
	EndGlobalSection
	GlobalSection(ProjectConfigurationPlatforms) = postSolution
		{8AD33896-A38F-44F3-8F37-5BBA2FEECF2C}.Ad-Hoc|iPhone.ActiveCfg = Ad-Hoc|iPhone
		{8AD33896-A38F-44F3-8F37-5BBA2FEECF2C}.Ad-Hoc|iPhone.Build.0 = Ad-Hoc|iPhone
		{8AD33896-A38F-44F3-8F37-5BBA2FEECF2C}.AppStore|iPhone.ActiveCfg = AppStore|iPhone
		{8AD33896-A38F-44F3-8F37-5BBA2FEECF2C}.AppStore|iPhone.Build.0 = AppStore|iPhone
		{8AD33896-A38F-44F3-8F37-5BBA2FEECF2C}.Debug|iPhone.ActiveCfg = Debug|iPhone
		{8AD33896-A38F-44F3-8F37-5BBA2FEECF2C}.Debug|iPhone.Build.0 = Debug|iPhone
		{8AD33896-A38F-44F3-8F37-5BBA2FEECF2C}.Debug|iPhoneSimulator.ActiveCfg = Debug|iPhoneSimulator
		{8AD33896-A38F-44F3-8F37-5BBA2FEECF2C}.Debug|iPhoneSimulator.Build.0 = Debug|iPhoneSimulator
		{8AD33896-A38F-44F3-8F37-5BBA2FEECF2C}.Release|iPhone.ActiveCfg = Release|iPhone
		{8AD33896-A38F-44F3-8F37-5BBA2FEECF2C}.Release|iPhone.Build.0 = Release|iPhone
		{8AD33896-A38F-44F3-8F37-5BBA2FEECF2C}.Release|iPhoneSimulator.ActiveCfg = Release|iPhoneSimulator
		{8AD33896-A38F-44F3-8F37-5BBA2FEECF2C}.Release|iPhoneSimulator.Build.0 = Release|iPhoneSimulator
		{BB8A9518-0F8F-4FB1-90E6-9655AFB67C00}.Ad-Hoc|iPhone.ActiveCfg = Release|iPhone
		{BB8A9518-0F8F-4FB1-90E6-9655AFB67C00}.Ad-Hoc|iPhone.Build.0 = Release|iPhone
		{BB8A9518-0F8F-4FB1-90E6-9655AFB67C00}.AppStore|iPhone.ActiveCfg = Release|iPhone
		{BB8A9518-0F8F-4FB1-90E6-9655AFB67C00}.AppStore|iPhone.Build.0 = Release|iPhone
		{BB8A9518-0F8F-4FB1-90E6-9655AFB67C00}.Debug|iPhone.ActiveCfg = Debug|iPhone
		{BB8A9518-0F8F-4FB1-90E6-9655AFB67C00}.Debug|iPhone.Build.0 = Debug|iPhone
		{BB8A9518-0F8F-4FB1-90E6-9655AFB67C00}.Debug|iPhoneSimulator.ActiveCfg = Debug|iPhoneSimulator
		{BB8A9518-0F8F-4FB1-90E6-9655AFB67C00}.Debug|iPhoneSimulator.Build.0 = Debug|iPhoneSimulator
		{BB8A9518-0F8F-4FB1-90E6-9655AFB67C00}.Release|iPhone.ActiveCfg = Release|iPhone
		{BB8A9518-0F8F-4FB1-90E6-9655AFB67C00}.Release|iPhone.Build.0 = Release|iPhone
		{BB8A9518-0F8F-4FB1-90E6-9655AFB67C00}.Release|iPhoneSimulator.ActiveCfg = Release|iPhoneSimulator
		{BB8A9518-0F8F-4FB1-90E6-9655AFB67C00}.Release|iPhoneSimulator.Build.0 = Release|iPhoneSimulator
	EndGlobalSection
	GlobalSection(MonoDevelopProperties) = preSolution
		StartupItem = Tangent\Tangent.csproj
	EndGlobalSection
EndGlobal
